
Microsoft Visual Studio Solution File, Format Version 12.00
# Visual Studio Version 16
VisualStudioVersion = 16.0.31205.134
MinimumVisualStudioVersion = 10.0.40219.1
Project("{9A19103F-16F7-4668-BE54-9A1E7A4F7556}") = "Business", "Business\Business.csproj", "{441A2018-50CD-41EA-BB36-868942513C51}"
EndProject
Project("{9A19103F-16F7-4668-BE54-9A1E7A4F7556}") = "DataAccess", "DataAccess\DataAccess.csproj", "{161E2AE5-85FE-48AE-BD96-4EF430785C18}"
EndProject
Project("{9A19103F-16F7-4668-BE54-9A1E7A4F7556}") = "Entities", "Entity\Entities.csproj", "{BD3EA310-2C44-4575-908F-83E7A167F603}"
EndProject
Project("{9A19103F-16F7-4668-BE54-9A1E7A4F7556}") = "ConsoleUI", "ConsoleUI\ConsoleUI.csproj", "{2A0ADFF1-826D-43CC-BA7C-8B6EE4F882B0}"
EndProject
Project("{FAE04EC0-301F-11D3-BF4B-00C04F79EFBC}") = "core", "core\core.csproj", "{92221B48-88EA-4F30-A831-9DF1E5DA7C38}"
EndProject
Global
	GlobalSection(SolutionConfigurationPlatforms) = preSolution
		Debug|Any CPU = Debug|Any CPU
		Release|Any CPU = Release|Any CPU
	EndGlobalSection
	GlobalSection(ProjectConfigurationPlatforms) = postSolution
		{441A2018-50CD-41EA-BB36-868942513C51}.Debug|Any CPU.ActiveCfg = Debug|Any CPU
		{441A2018-50CD-41EA-BB36-868942513C51}.Debug|Any CPU.Build.0 = Debug|Any CPU
		{441A2018-50CD-41EA-BB36-868942513C51}.Release|Any CPU.ActiveCfg = Release|Any CPU
		{441A2018-50CD-41EA-BB36-868942513C51}.Release|Any CPU.Build.0 = Release|Any CPU
		{161E2AE5-85FE-48AE-BD96-4EF430785C18}.Debug|Any CPU.ActiveCfg = Debug|Any CPU
		{161E2AE5-85FE-48AE-BD96-4EF430785C18}.Debug|Any CPU.Build.0 = Debug|Any CPU
		{161E2AE5-85FE-48AE-BD96-4EF430785C18}.Release|Any CPU.ActiveCfg = Release|Any CPU
		{161E2AE5-85FE-48AE-BD96-4EF430785C18}.Release|Any CPU.Build.0 = Release|Any CPU
		{BD3EA310-2C44-4575-908F-83E7A167F603}.Debug|Any CPU.ActiveCfg = Debug|Any CPU
		{BD3EA310-2C44-4575-908F-83E7A167F603}.Debug|Any CPU.Build.0 = Debug|Any CPU
		{BD3EA310-2C44-4575-908F-83E7A167F603}.Release|Any CPU.ActiveCfg = Release|Any CPU
		{BD3EA310-2C44-4575-908F-83E7A167F603}.Release|Any CPU.Build.0 = Release|Any CPU
		{2A0ADFF1-826D-43CC-BA7C-8B6EE4F882B0}.Debug|Any CPU.ActiveCfg = Debug|Any CPU
		{2A0ADFF1-826D-43CC-BA7C-8B6EE4F882B0}.Debug|Any CPU.Build.0 = Debug|Any CPU
		{2A0ADFF1-826D-43CC-BA7C-8B6EE4F882B0}.Release|Any CPU.ActiveCfg = Release|Any CPU
		{2A0ADFF1-826D-43CC-BA7C-8B6EE4F882B0}.Release|Any CPU.Build.0 = Release|Any CPU
		{92221B48-88EA-4F30-A831-9DF1E5DA7C38}.Debug|Any CPU.ActiveCfg = Debug|Any CPU
		{92221B48-88EA-4F30-A831-9DF1E5DA7C38}.Debug|Any CPU.Build.0 = Debug|Any CPU
		{92221B48-88EA-4F30-A831-9DF1E5DA7C38}.Release|Any CPU.ActiveCfg = Release|Any CPU
		{92221B48-88EA-4F30-A831-9DF1E5DA7C38}.Release|Any CPU.Build.0 = Release|Any CPU
	EndGlobalSection
	GlobalSection(SolutionProperties) = preSolution
		HideSolutionNode = FALSE
	EndGlobalSection
	GlobalSection(ExtensibilityGlobals) = postSolution
		SolutionGuid = {0AC31A3A-6362-4873-9FF6-B20FC1BC4E4E}
	EndGlobalSection
EndGlobal
